PODS:
  - FHXColorAndFont (0.1.0):
    - FHXKit
  - FHXFoundation (0.1.6)
  - FHXKit (0.1.3):
    - FHXFoundation
  - FHXNewsCell (0.1.0):
    - FHXColorAndFont
    - FHXKit
    - SnapKit
  - SnapKit (4.0.0)

DEPENDENCIES:
  - FHXNewsCell (from `../`)

EXTERNAL SOURCES:
  FHXNewsCell:
    :path: ../

SPEC CHECKSUMS:
  FHXColorAndFont: 7fe0141b9d8a81e3a2a5e8f475596d436881f2b6
  FHXFoundation: 2e258421df559b4b1cdef4e6f0abf4fb92102ffa
  FHXKit: 74692b3434b72aa2bc1433a6b616011c2ffe4446
  FHXNewsCell: a73d8f9a5207c469083dfd1b94ee5818fd0fd277
  SnapKit: a42d492c16e80209130a3379f73596c3454b7694

PODFILE CHECKSUM: abf615338e1b07e1232ec4c17642520b1ad2bbdd

COCOAPODS: 1.4.0
